
Microsoft Visual Studio Solution File, Format Version 12.00
# Visual Studio Version 16
VisualStudioVersion = 16.0.35026.282
MinimumVisualStudioVersion = 10.0.40219.1
Project("{8BC9CEB8-8B4A-11D0-8D11-00A0C91BC942}") = "DisRealityEditor", "DisRealityEditor\DisRealityEditor.vcxproj", "{579D13ED-0ACA-4769-AD3D-F468C84DB73F}"
EndProject
Global
	GlobalSection(SolutionConfigurationPlatforms) = preSolution
		Debug|x64 = Debug|x64
		Debug|x86 = Debug|x86
		Release|x64 = Release|x64
		Release|x86 = Release|x86
	EndGlobalSection
	GlobalSection(ProjectConfigurationPlatforms) = postSolution
		{579D13ED-0ACA-4769-AD3D-F468C84DB73F}.Debug|x64.ActiveCfg = Debug|x64
		{579D13ED-0ACA-4769-AD3D-F468C84DB73F}.Debug|x64.Build.0 = Debug|x64
		{579D13ED-0ACA-4769-AD3D-F468C84DB73F}.Debug|x86.ActiveCfg = Debug|Win32
		{579D13ED-0ACA-4769-AD3D-F468C84DB73F}.Debug|x86.Build.0 = Debug|Win32
		{579D13ED-0ACA-4769-AD3D-F468C84DB73F}.Release|x64.ActiveCfg = Release|x64
		{579D13ED-0ACA-4769-AD3D-F468C84DB73F}.Release|x64.Build.0 = Release|x64
		{579D13ED-0ACA-4769-AD3D-F468C84DB73F}.Release|x86.ActiveCfg = Release|Win32
		{579D13ED-0ACA-4769-AD3D-F468C84DB73F}.Release|x86.Build.0 = Release|Win32
	EndGlobalSection
	GlobalSection(SolutionProperties) = preSolution
		HideSolutionNode = FALSE
	EndGlobalSection
	GlobalSection(ExtensibilityGlobals) = postSolution
		SolutionGuid = {615FD2AF-9FAE-4B1E-9147-98A9A7E13AAD}
	EndGlobalSection
EndGlobal
